
Microsoft Visual Studio Solution File, Format Version 12.00
# Visual Studio Version 17
VisualStudioVersion = 17.1.32210.238
MinimumVisualStudioVersion = 10.0.40219.1
Project("{FAE04EC0-301F-11D3-BF4B-00C04F79EFBC}") = "Multiplication-table-generator", "Multiplication-table-generator\Multiplication-table-generator.csproj", "{924F512B-D649-4908-99AA-4AA218B773F1}"
EndProject
Global
	GlobalSection(SolutionConfigurationPlatforms) = preSolution
		Debug|Any CPU = Debug|Any CPU
		Release|Any CPU = Release|Any CPU
	EndGlobalSection
	GlobalSection(ProjectConfigurationPlatforms) = postSolution
		{924F512B-D649-4908-99AA-4AA218B773F1}.Debug|Any CPU.ActiveCfg = Debug|Any CPU
		{924F512B-D649-4908-99AA-4AA218B773F1}.Debug|Any CPU.Build.0 = Debug|Any CPU
		{924F512B-D649-4908-99AA-4AA218B773F1}.Release|Any CPU.ActiveCfg = Release|Any CPU
		{924F512B-D649-4908-99AA-4AA218B773F1}.Release|Any CPU.Build.0 = Release|Any CPU
	EndGlobalSection
	GlobalSection(SolutionProperties) = preSolution
		HideSolutionNode = FALSE
	EndGlobalSection
	GlobalSection(ExtensibilityGlobals) = postSolution
		SolutionGuid = {468F0B11-D570-4112-9B84-5ABCC7F5B0CB}
	EndGlobalSection
EndGlobal
